
Microsoft Visual Studio Solution File, Format Version 12.00
# Visual Studio Version 17
VisualStudioVersion = 17.14.36623.8 d17.14
MinimumVisualStudioVersion = 10.0.40219.1
Project("{FAE04EC0-301F-11D3-BF4B-00C04F79EFBC}") = "ChatBackend", "ChatBackend\ChatBackend.csproj", "{C0FFC8C1-97FF-4C38-A7BE-8BAFA9202E0A}"
EndProject
Global
	GlobalSection(SolutionConfigurationPlatforms) = preSolution
		Debug|Any CPU = Debug|Any CPU
		Release|Any CPU = Release|Any CPU
	EndGlobalSection
	GlobalSection(ProjectConfigurationPlatforms) = postSolution
		{C0FFC8C1-97FF-4C38-A7BE-8BAFA9202E0A}.Debug|Any CPU.ActiveCfg = Debug|Any CPU
		{C0FFC8C1-97FF-4C38-A7BE-8BAFA9202E0A}.Debug|Any CPU.Build.0 = Debug|Any CPU
		{C0FFC8C1-97FF-4C38-A7BE-8BAFA9202E0A}.Release|Any CPU.ActiveCfg = Release|Any CPU
		{C0FFC8C1-97FF-4C38-A7BE-8BAFA9202E0A}.Release|Any CPU.Build.0 = Release|Any CPU
	EndGlobalSection
	GlobalSection(SolutionProperties) = preSolution
		HideSolutionNode = FALSE
	EndGlobalSection
	GlobalSection(ExtensibilityGlobals) = postSolution
		SolutionGuid = {B6B1AF6A-8CD3-4FBE-B5AC-DA76F3E33D72}
	EndGlobalSection
EndGlobal
